{
  "name": "clover",
  "version": "2.9.0",
  "lockfileVersion": 3,
  "requires": true,
  "packages": {
    "": {
      "name": "clover",
      "version": "2.9.0",
      "dependencies": {
        "clover": "file:"
      },
      "engines": {
        "node": "18.x.x"
      }
    },
    "node_modules/clover": {
      "resolved": "",
      "link": true
    }
  }
}
